// !$*UTF8*$!
{
	archiveVersion = 1;
	classes = {
	};
	objectVersion = 50;
	objects = {

/* Begin PBXBuildFile section */
		1B356A5326C73C83009A2D33 /* AppDelegate.swift in Sources */ = {isa = PBXBuildFile; fileRef = 1B356A5226C73C83009A2D33 /* AppDelegate.swift */; };
		1B356A5526C73C83009A2D33 /* SceneDelegate.swift in Sources */ = {isa = PBXBuildFile; fileRef = 1B356A5426C73C83009A2D33 /* SceneDelegate.swift */; };
		1B356A5726C73C83009A2D33 /* HomeViewController.swift in Sources */ = {isa = PBXBuildFile; fileRef = 1B356A5626C73C83009A2D33 /* HomeViewController.swift */; };
		1B356A5C26C73C86009A2D33 /* Assets.xcassets in Resources */ = {isa = PBXBuildFile; fileRef = 1B356A5B26C73C86009A2D33 /* Assets.xcassets */; };
		1B356A5F26C73C86009A2D33 /* LaunchScreen.storyboard in Resources */ = {isa = PBXBuildFile; fileRef = 1B356A5D26C73C86009A2D33 /* LaunchScreen.storyboard */; };
		1B356A6D26C742AC009A2D33 /* TabBarViewController.swift in Sources */ = {isa = PBXBuildFile; fileRef = 1B356A6C26C742AC009A2D33 /* TabBarViewController.swift */; };
		1B356A6F26C742EB009A2D33 /* SearchViewController.swift in Sources */ = {isa = PBXBuildFile; fileRef = 1B356A6E26C742EB009A2D33 /* SearchViewController.swift */; };
		1B356A7126C742FC009A2D33 /* LibraryViewController.swift in Sources */ = {isa = PBXBuildFile; fileRef = 1B356A7026C742FC009A2D33 /* LibraryViewController.swift */; };
		1B356A7526C74382009A2D33 /* WelcomeViewController.swift in Sources */ = {isa = PBXBuildFile; fileRef = 1B356A7426C74382009A2D33 /* WelcomeViewController.swift */; };
		1B356A7726C7438D009A2D33 /* AuthViewController.swift in Sources */ = {isa = PBXBuildFile; fileRef = 1B356A7626C7438D009A2D33 /* AuthViewController.swift */; };
		1B356A7926C743A4009A2D33 /* SettingsViewController.swift in Sources */ = {isa = PBXBuildFile; fileRef = 1B356A7826C743A4009A2D33 /* SettingsViewController.swift */; };
		1B356A7B26C743B1009A2D33 /* ProfileViewController.swift in Sources */ = {isa = PBXBuildFile; fileRef = 1B356A7A26C743B1009A2D33 /* ProfileViewController.swift */; };
		1B356A7D26C743BC009A2D33 /* PlayerViewController.swift in Sources */ = {isa = PBXBuildFile; fileRef = 1B356A7C26C743BC009A2D33 /* PlayerViewController.swift */; };
		1B356A7F26C743C8009A2D33 /* PlaylistViewController.swift in Sources */ = {isa = PBXBuildFile; fileRef = 1B356A7E26C743C8009A2D33 /* PlaylistViewController.swift */; };
		1B356A8126C743DC009A2D33 /* SearchResultsViewController.swift in Sources */ = {isa = PBXBuildFile; fileRef = 1B356A8026C743DC009A2D33 /* SearchResultsViewController.swift */; };
		1B356A8326C749B9009A2D33 /* AuthManager.swift in Sources */ = {isa = PBXBuildFile; fileRef = 1B356A8226C749B9009A2D33 /* AuthManager.swift */; };
		1B356A8526C749D2009A2D33 /* APICaller.swift in Sources */ = {isa = PBXBuildFile; fileRef = 1B356A8426C749D2009A2D33 /* APICaller.swift */; };
		1B356A8726C749E0009A2D33 /* HapticsManager.swift in Sources */ = {isa = PBXBuildFile; fileRef = 1B356A8626C749E0009A2D33 /* HapticsManager.swift */; };
		1B356A8926C74A03009A2D33 /* Playlist.swift in Sources */ = {isa = PBXBuildFile; fileRef = 1B356A8826C74A03009A2D33 /* Playlist.swift */; };
		1B356A8B26C74A1A009A2D33 /* AudioTrack.swift in Sources */ = {isa = PBXBuildFile; fileRef = 1B356A8A26C74A1A009A2D33 /* AudioTrack.swift */; };
		1B356A8D26C74A28009A2D33 /* Artist.swift in Sources */ = {isa = PBXBuildFile; fileRef = 1B356A8C26C74A28009A2D33 /* Artist.swift */; };
		1B356A8F26C74A3F009A2D33 /* UserProfile.swift in Sources */ = {isa = PBXBuildFile; fileRef = 1B356A8E26C74A3F009A2D33 /* UserProfile.swift */; };
		1B356A9126C781F8009A2D33 /* Extensions.swift in Sources */ = {isa = PBXBuildFile; fileRef = 1B356A9026C781F8009A2D33 /* Extensions.swift */; };
		1B356A9726C8BC8F009A2D33 /* Keys.swift in Sources */ = {isa = PBXBuildFile; fileRef = 1B356A9626C8BC8F009A2D33 /* Keys.swift */; };
/* End PBXBuildFile section */

/* Begin PBXFileReference section */
		1B356A4F26C73C83009A2D33 /* mewsk.app */ = {isa = PBXFileReference; explicitFileType = wrapper.application; includeInIndex = 0; path = mewsk.app; sourceTree = BUILT_PRODUCTS_DIR; };
		1B356A5226C73C83009A2D33 /* AppDelegate.swift */ = {isa = PBXFileReference; lastKnownFileType = sourcecode.swift; path = AppDelegate.swift; sourceTree = "<group>"; };
		1B356A5426C73C83009A2D33 /* SceneDelegate.swift */ = {isa = PBXFileReference; lastKnownFileType = sourcecode.swift; path = SceneDelegate.swift; sourceTree = "<group>"; };
		1B356A5626C73C83009A2D33 /* HomeViewController.swift */ = {isa = PBXFileReference; lastKnownFileType = sourcecode.swift; path = HomeViewController.swift; sourceTree = "<group>"; };
		1B356A5B26C73C86009A2D33 /* Assets.xcassets */ = {isa = PBXFileReference; lastKnownFileType = folder.assetcatalog; path = Assets.xcassets; sourceTree = "<group>"; };
		1B356A5E26C73C86009A2D33 /* Base */ = {isa = PBXFileReference; lastKnownFileType = file.storyboard; name = Base; path = Base.lproj/LaunchScreen.storyboard; sourceTree = "<group>"; };
		1B356A6026C73C86009A2D33 /* Info.plist */ = {isa = PBXFileReference; lastKnownFileType = text.plist.xml; path = Info.plist; sourceTree = "<group>"; };
		1B356A6C26C742AC009A2D33 /* TabBarViewController.swift */ = {isa = PBXFileReference; lastKnownFileType = sourcecode.swift; path = TabBarViewController.swift; sourceTree = "<group>"; };
		1B356A6E26C742EB009A2D33 /* SearchViewController.swift */ = {isa = PBXFileReference; lastKnownFileType = sourcecode.swift; path = SearchViewController.swift; sourceTree = "<group>"; };
		1B356A7026C742FC009A2D33 /* LibraryViewController.swift */ = {isa = PBXFileReference; lastKnownFileType = sourcecode.swift; path = LibraryViewController.swift; sourceTree = "<group>"; };
		1B356A7426C74382009A2D33 /* WelcomeViewController.swift */ = {isa = PBXFileReference; lastKnownFileType = sourcecode.swift; path = WelcomeViewController.swift; sourceTree = "<group>"; };
		1B356A7626C7438D009A2D33 /* AuthViewController.swift */ = {isa = PBXFileReference; lastKnownFileType = sourcecode.swift; path = AuthViewController.swift; sourceTree = "<group>"; };
		1B356A7826C743A4009A2D33 /* SettingsViewController.swift */ = {isa = PBXFileReference; lastKnownFileType = sourcecode.swift; path = SettingsViewController.swift; sourceTree = "<group>"; };
		1B356A7A26C743B1009A2D33 /* ProfileViewController.swift */ = {isa = PBXFileReference; lastKnownFileType = sourcecode.swift; path = ProfileViewController.swift; sourceTree = "<group>"; };
		1B356A7C26C743BC009A2D33 /* PlayerViewController.swift */ = {isa = PBXFileReference; lastKnownFileType = sourcecode.swift; path = PlayerViewController.swift; sourceTree = "<group>"; };
		1B356A7E26C743C8009A2D33 /* PlaylistViewController.swift */ = {isa = PBXFileReference; lastKnownFileType = sourcecode.swift; path = PlaylistViewController.swift; sourceTree = "<group>"; };
		1B356A8026C743DC009A2D33 /* SearchResultsViewController.swift */ = {isa = PBXFileReference; lastKnownFileType = sourcecode.swift; path = SearchResultsViewController.swift; sourceTree = "<group>"; };
		1B356A8226C749B9009A2D33 /* AuthManager.swift */ = {isa = PBXFileReference; lastKnownFileType = sourcecode.swift; path = AuthManager.swift; sourceTree = "<group>"; };
		1B356A8426C749D2009A2D33 /* APICaller.swift */ = {isa = PBXFileReference; lastKnownFileType = sourcecode.swift; path = APICaller.swift; sourceTree = "<group>"; };
		1B356A8626C749E0009A2D33 /* HapticsManager.swift */ = {isa = PBXFileReference; lastKnownFileType = sourcecode.swift; path = HapticsManager.swift; sourceTree = "<group>"; };
		1B356A8826C74A03009A2D33 /* Playlist.swift */ = {isa = PBXFileReference; lastKnownFileType = sourcecode.swift; path = Playlist.swift; sourceTree = "<group>"; };
		1B356A8A26C74A1A009A2D33 /* AudioTrack.swift */ = {isa = PBXFileReference; lastKnownFileType = sourcecode.swift; path = AudioTrack.swift; sourceTree = "<group>"; };
		1B356A8C26C74A28009A2D33 /* Artist.swift */ = {isa = PBXFileReference; lastKnownFileType = sourcecode.swift; path = Artist.swift; sourceTree = "<group>"; };
		1B356A8E26C74A3F009A2D33 /* UserProfile.swift */ = {isa = PBXFileReference; lastKnownFileType = sourcecode.swift; path = UserProfile.swift; sourceTree = "<group>"; };
		1B356A9026C781F8009A2D33 /* Extensions.swift */ = {isa = PBXFileReference; lastKnownFileType = sourcecode.swift; path = Extensions.swift; sourceTree = "<group>"; };
		1B356A9626C8BC8F009A2D33 /* Keys.swift */ = {isa = PBXFileReference; lastKnownFileType = sourcecode.swift; path = Keys.swift; sourceTree = "<group>"; };
/* End PBXFileReference section */

/* Begin PBXFrameworksBuildPhase section */
		1B356A4C26C73C83009A2D33 /* Frameworks */ = {
			isa = PBXFrameworksBuildPhase;
			buildActionMask = 2147483647;
			files = (
			);
			runOnlyForDeploymentPostprocessing = 0;
		};
/* End PBXFrameworksBuildPhase section */

/* Begin PBXGroup section */
		1B356A4626C73C83009A2D33 = {
			isa = PBXGroup;
			children = (
				1B356A5126C73C83009A2D33 /* mewsk */,
				1B356A5026C73C83009A2D33 /* Products */,
			);
			sourceTree = "<group>";
		};
		1B356A5026C73C83009A2D33 /* Products */ = {
			isa = PBXGroup;
			children = (
				1B356A4F26C73C83009A2D33 /* mewsk.app */,
			);
			name = Products;
			sourceTree = "<group>";
		};
		1B356A5126C73C83009A2D33 /* mewsk */ = {
			isa = PBXGroup;
			children = (
				1B356A6A26C73E76009A2D33 /* Resources */,
				1B356A6B26C73E89009A2D33 /* Managers */,
				1B356A6926C73E70009A2D33 /* ViewModels */,
				1B356A6826C73E69009A2D33 /* Models */,
				1B356A6626C73E4F009A2D33 /* Views */,
				1B356A6726C73E54009A2D33 /* Controllers */,
				1B356A6026C73C86009A2D33 /* Info.plist */,
			);
			path = mewsk;
			sourceTree = "<group>";
		};
		1B356A6626C73E4F009A2D33 /* Views */ = {
			isa = PBXGroup;
			children = (
				1B356A5D26C73C86009A2D33 /* LaunchScreen.storyboard */,
			);
			path = Views;
			sourceTree = "<group>";
		};
		1B356A6726C73E54009A2D33 /* Controllers */ = {
			isa = PBXGroup;
			children = (
				1B356A7226C7430F009A2D33 /* Core */,
				1B356A7326C74345009A2D33 /* Other */,
			);
			path = Controllers;
			sourceTree = "<group>";
		};
		1B356A6826C73E69009A2D33 /* Models */ = {
			isa = PBXGroup;
			children = (
				1B356A8826C74A03009A2D33 /* Playlist.swift */,
				1B356A8A26C74A1A009A2D33 /* AudioTrack.swift */,
				1B356A8C26C74A28009A2D33 /* Artist.swift */,
				1B356A8E26C74A3F009A2D33 /* UserProfile.swift */,
			);
			path = Models;
			sourceTree = "<group>";
		};
		1B356A6926C73E70009A2D33 /* ViewModels */ = {
			isa = PBXGroup;
			children = (
			);
			path = ViewModels;
			sourceTree = "<group>";
		};
		1B356A6A26C73E76009A2D33 /* Resources */ = {
			isa = PBXGroup;
			children = (
				1B356A5B26C73C86009A2D33 /* Assets.xcassets */,
				1B356A5226C73C83009A2D33 /* AppDelegate.swift */,
				1B356A5426C73C83009A2D33 /* SceneDelegate.swift */,
				1B356A9026C781F8009A2D33 /* Extensions.swift */,
				1B356A9626C8BC8F009A2D33 /* Keys.swift */,
			);
			path = Resources;
			sourceTree = "<group>";
		};
		1B356A6B26C73E89009A2D33 /* Managers */ = {
			isa = PBXGroup;
			children = (
				1B356A8226C749B9009A2D33 /* AuthManager.swift */,
				1B356A8426C749D2009A2D33 /* APICaller.swift */,
				1B356A8626C749E0009A2D33 /* HapticsManager.swift */,
			);
			path = Managers;
			sourceTree = "<group>";
		};
		1B356A7226C7430F009A2D33 /* Core */ = {
			isa = PBXGroup;
			children = (
				1B356A5626C73C83009A2D33 /* HomeViewController.swift */,
				1B356A6E26C742EB009A2D33 /* SearchViewController.swift */,
				1B356A7026C742FC009A2D33 /* LibraryViewController.swift */,
				1B356A6C26C742AC009A2D33 /* TabBarViewController.swift */,
			);
			path = Core;
			sourceTree = "<group>";
		};
		1B356A7326C74345009A2D33 /* Other */ = {
			isa = PBXGroup;
			children = (
				1B356A7426C74382009A2D33 /* WelcomeViewController.swift */,
				1B356A7626C7438D009A2D33 /* AuthViewController.swift */,
				1B356A7826C743A4009A2D33 /* SettingsViewController.swift */,
				1B356A7A26C743B1009A2D33 /* ProfileViewController.swift */,
				1B356A7C26C743BC009A2D33 /* PlayerViewController.swift */,
				1B356A7E26C743C8009A2D33 /* PlaylistViewController.swift */,
				1B356A8026C743DC009A2D33 /* SearchResultsViewController.swift */,
			);
			path = Other;
			sourceTree = "<group>";
		};
/* End PBXGroup section */

/* Begin PBXNativeTarget section */
		1B356A4E26C73C83009A2D33 /* mewsk */ = {
			isa = PBXNativeTarget;
			buildConfigurationList = 1B356A6326C73C86009A2D33 /* Build configuration list for PBXNativeTarget "mewsk" */;
			buildPhases = (
				1B356A4B26C73C83009A2D33 /* Sources */,
				1B356A4C26C73C83009A2D33 /* Frameworks */,
				1B356A4D26C73C83009A2D33 /* Resources */,
			);
			buildRules = (
			);
			dependencies = (
			);
			name = mewsk;
			productName = mewsk;
			productReference = 1B356A4F26C73C83009A2D33 /* mewsk.app */;
			productType = "com.apple.product-type.application";
		};
/* End PBXNativeTarget section */

/* Begin PBXProject section */
		1B356A4726C73C83009A2D33 /* Project object */ = {
			isa = PBXProject;
			attributes = {
				LastSwiftUpdateCheck = 1250;
				LastUpgradeCheck = 1250;
				TargetAttributes = {
					1B356A4E26C73C83009A2D33 = {
						CreatedOnToolsVersion = 12.5.1;
					};
				};
			};
			buildConfigurationList = 1B356A4A26C73C83009A2D33 /* Build configuration list for PBXProject "mewsk" */;
			compatibilityVersion = "Xcode 9.3";
			developmentRegion = en;
			hasScannedForEncodings = 0;
			knownRegions = (
				en,
				Base,
			);
			mainGroup = 1B356A4626C73C83009A2D33;
			productRefGroup = 1B356A5026C73C83009A2D33 /* Products */;
			projectDirPath = "";
			projectRoot = "";
			targets = (
				1B356A4E26C73C83009A2D33 /* mewsk */,
			);
		};
/* End PBXProject section */

/* Begin PBXResourcesBuildPhase section */
		1B356A4D26C73C83009A2D33 /* Resources */ = {
			isa = PBXResourcesBuildPhase;
			buildActionMask = 2147483647;
			files = (
				1B356A5F26C73C86009A2D33 /* LaunchScreen.storyboard in Resources */,
				1B356A5C26C73C86009A2D33 /* Assets.xcassets in Resources */,
			);
			runOnlyForDeploymentPostprocessing = 0;
		};
/* End PBXResourcesBuildPhase section */

/* Begin PBXSourcesBuildPhase section */
		1B356A4B26C73C83009A2D33 /* Sources */ = {
			isa = PBXSourcesBuildPhase;
			buildActionMask = 2147483647;
			files = (
				1B356A6F26C742EB009A2D33 /* SearchViewController.swift in Sources */,
				1B356A8926C74A03009A2D33 /* Playlist.swift in Sources */,
				1B356A8326C749B9009A2D33 /* AuthManager.swift in Sources */,
				1B356A8126C743DC009A2D33 /* SearchResultsViewController.swift in Sources */,
				1B356A6D26C742AC009A2D33 /* TabBarViewController.swift in Sources */,
				1B356A7B26C743B1009A2D33 /* ProfileViewController.swift in Sources */,
				1B356A5726C73C83009A2D33 /* HomeViewController.swift in Sources */,
				1B356A8726C749E0009A2D33 /* HapticsManager.swift in Sources */,
				1B356A8B26C74A1A009A2D33 /* AudioTrack.swift in Sources */,
				1B356A5326C73C83009A2D33 /* AppDelegate.swift in Sources */,
				1B356A7726C7438D009A2D33 /* AuthViewController.swift in Sources */,
				1B356A7126C742FC009A2D33 /* LibraryViewController.swift in Sources */,
				1B356A8F26C74A3F009A2D33 /* UserProfile.swift in Sources */,
				1B356A9126C781F8009A2D33 /* Extensions.swift in Sources */,
				1B356A5526C73C83009A2D33 /* SceneDelegate.swift in Sources */,
				1B356A9726C8BC8F009A2D33 /* Keys.swift in Sources */,
				1B356A8D26C74A28009A2D33 /* Artist.swift in Sources */,
				1B356A7F26C743C8009A2D33 /* PlaylistViewController.swift in Sources */,
				1B356A7526C74382009A2D33 /* WelcomeViewController.swift in Sources */,
				1B356A7D26C743BC009A2D33 /* PlayerViewController.swift in Sources */,
				1B356A8526C749D2009A2D33 /* APICaller.swift in Sources */,
				1B356A7926C743A4009A2D33 /* SettingsViewController.swift in Sources */,
			);
			runOnlyForDeploymentPostprocessing = 0;
		};
/* End PBXSourcesBuildPhase section */

/* Begin PBXVariantGroup section */
		1B356A5D26C73C86009A2D33 /* LaunchScreen.storyboard */ = {
			isa = PBXVariantGroup;
			children = (
				1B356A5E26C73C86009A2D33 /* Base */,
			);
			name = LaunchScreen.storyboard;
			sourceTree = "<group>";
		};
/* End PBXVariantGroup section */

/* Begin XCBuildConfiguration section */
		1B356A6126C73C86009A2D33 /* Debug */ = {
			isa = XCBuildConfiguration;
			buildSettings = {
				ALWAYS_SEARCH_USER_PATHS = NO;
				CLANG_ANALYZER_NONNULL = YES;
				CLANG_ANALYZER_NUMBER_OBJECT_CONVERSION = YES_AGGRESSIVE;
				CLANG_CXX_LANGUAGE_STANDARD = "gnu++14";
				CLANG_CXX_LIBRARY = "libc++";
				CLANG_ENABLE_MODULES = YES;
				CLANG_ENABLE_OBJC_ARC = YES;
				CLANG_ENABLE_OBJC_WEAK = YES;
				CLANG_WARN_BLOCK_CAPTURE_AUTORELEASING = YES;
				CLANG_WARN_BOOL_CONVERSION = YES;
				CLANG_WARN_COMMA = YES;
				CLANG_WARN_CONSTANT_CONVERSION = YES;
				CLANG_WARN_DEPRECATED_OBJC_IMPLEMENTATIONS = YES;
				CLANG_WARN_DIRECT_OBJC_ISA_USAGE = YES_ERROR;
				CLANG_WARN_DOCUMENTATION_COMMENTS = YES;
				CLANG_WARN_EMPTY_BODY = YES;
				CLANG_WARN_ENUM_CONVERSION = YES;
				CLANG_WARN_INFINITE_RECURSION = YES;
				CLANG_WARN_INT_CONVERSION = YES;
				CLANG_WARN_NON_LITERAL_NULL_CONVERSION = YES;
				CLANG_WARN_OBJC_IMPLICIT_RETAIN_SELF = YES;
				CLANG_WARN_OBJC_LITERAL_CONVERSION = YES;
				CLANG_WARN_OBJC_ROOT_CLASS = YES_ERROR;
				CLANG_WARN_QUOTED_INCLUDE_IN_FRAMEWORK_HEADER = YES;
				CLANG_WARN_RANGE_LOOP_ANALYSIS = YES;
				CLANG_WARN_STRICT_PROTOTYPES = YES;
				CLANG_WARN_SUSPICIOUS_MOVE = YES;
				CLANG_WARN_UNGUARDED_AVAILABILITY = YES_AGGRESSIVE;
				CLANG_WARN_UNREACHABLE_CODE = YES;
				CLANG_WARN__DUPLICATE_METHOD_MATCH = YES;
				COPY_PHASE_STRIP = NO;
				DEBUG_INFORMATION_FORMAT = dwarf;
				ENABLE_STRICT_OBJC_MSGSEND = YES;
				ENABLE_TESTABILITY = YES;
				GCC_C_LANGUAGE_STANDARD = gnu11;
				GCC_DYNAMIC_NO_PIC = NO;
				GCC_NO_COMMON_BLOCKS = YES;
				GCC_OPTIMIZATION_LEVEL = 0;
				GCC_PREPROCESSOR_DEFINITIONS = (
					"DEBUG=1",
					"$(inherited)",
				);
				GCC_WARN_64_TO_32_BIT_CONVERSION = YES;
				GCC_WARN_ABOUT_RETURN_TYPE = YES_ERROR;
				GCC_WARN_UNDECLARED_SELECTOR = YES;
				GCC_WARN_UNINITIALIZED_AUTOS = YES_AGGRESSIVE;
				GCC_WARN_UNUSED_FUNCTION = YES;
				GCC_WARN_UNUSED_VARIABLE = YES;
				IPHONEOS_DEPLOYMENT_TARGET = 14.5;
				MTL_ENABLE_DEBUG_INFO = INCLUDE_SOURCE;
				MTL_FAST_MATH = YES;
				ONLY_ACTIVE_ARCH = YES;
				SDKROOT = iphoneos;
				SWIFT_ACTIVE_COMPILATION_CONDITIONS = DEBUG;
				SWIFT_OPTIMIZATION_LEVEL = "-Onone";
			};
			name = Debug;
		};
		1B356A6226C73C86009A2D33 /* Release */ = {
			isa = XCBuildConfiguration;
			buildSettings = {
				ALWAYS_SEARCH_USER_PATHS = NO;
				CLANG_ANALYZER_NONNULL = YES;
				CLANG_ANALYZER_NUMBER_OBJECT_CONVERSION = YES_AGGRESSIVE;
				CLANG_CXX_LANGUAGE_STANDARD = "gnu++14";
				CLANG_CXX_LIBRARY = "libc++";
				CLANG_ENABLE_MODULES = YES;
				CLANG_ENABLE_OBJC_ARC = YES;
				CLANG_ENABLE_OBJC_WEAK = YES;
				CLANG_WARN_BLOCK_CAPTURE_AUTORELEASING = YES;
				CLANG_WARN_BOOL_CONVERSION = YES;
				CLANG_WARN_COMMA = YES;
				CLANG_WARN_CONSTANT_CONVERSION = YES;
				CLANG_WARN_DEPRECATED_OBJC_IMPLEMENTATIONS = YES;
				CLANG_WARN_DIRECT_OBJC_ISA_USAGE = YES_ERROR;
				CLANG_WARN_DOCUMENTATION_COMMENTS = YES;
				CLANG_WARN_EMPTY_BODY = YES;
				CLANG_WARN_ENUM_CONVERSION = YES;
				CLANG_WARN_INFINITE_RECURSION = YES;
				CLANG_WARN_INT_CONVERSION = YES;
				CLANG_WARN_NON_LITERAL_NULL_CONVERSION = YES;
				CLANG_WARN_OBJC_IMPLICIT_RETAIN_SELF = YES;
				CLANG_WARN_OBJC_LITERAL_CONVERSION = YES;
				CLANG_WARN_OBJC_ROOT_CLASS = YES_ERROR;
				CLANG_WARN_QUOTED_INCLUDE_IN_FRAMEWORK_HEADER = YES;
				CLANG_WARN_RANGE_LOOP_ANALYSIS = YES;
				CLANG_WARN_STRICT_PROTOTYPES = YES;
				CLANG_WARN_SUSPICIOUS_MOVE = YES;
				CLANG_WARN_UNGUARDED_AVAILABILITY = YES_AGGRESSIVE;
				CLANG_WARN_UNREACHABLE_CODE = YES;
				CLANG_WARN__DUPLICATE_METHOD_MATCH = YES;
				COPY_PHASE_STRIP = NO;
				DEBUG_INFORMATION_FORMAT = "dwarf-with-dsym";
				ENABLE_NS_ASSERTIONS = NO;
				ENABLE_STRICT_OBJC_MSGSEND = YES;
				GCC_C_LANGUAGE_STANDARD = gnu11;
				GCC_NO_COMMON_BLOCKS = YES;
				GCC_WARN_64_TO_32_BIT_CONVERSION = YES;
				GCC_WARN_ABOUT_RETURN_TYPE = YES_ERROR;
				GCC_WARN_UNDECLARED_SELECTOR = YES;
				GCC_WARN_UNINITIALIZED_AUTOS = YES_AGGRESSIVE;
				GCC_WARN_UNUSED_FUNCTION = YES;
				GCC_WARN_UNUSED_VARIABLE = YES;
				IPHONEOS_DEPLOYMENT_TARGET = 14.5;
				MTL_ENABLE_DEBUG_INFO = NO;
				MTL_FAST_MATH = YES;
				SDKROOT = iphoneos;
				SWIFT_COMPILATION_MODE = wholemodule;
				SWIFT_OPTIMIZATION_LEVEL = "-O";
				VALIDATE_PRODUCT = YES;
			};
			name = Release;
		};
		1B356A6426C73C86009A2D33 /* Debug */ = {
			isa = XCBuildConfiguration;
			buildSettings = {
				ASSETCATALOG_COMPILER_APPICON_NAME = AppIcon;
				ASSETCATALOG_COMPILER_GLOBAL_ACCENT_COLOR_NAME = AccentColor;
				CODE_SIGN_STYLE = Automatic;
				DEVELOPMENT_TEAM = 59S3366Z8K;
				INFOPLIST_FILE = mewsk/Info.plist;
				LD_RUNPATH_SEARCH_PATHS = (
					"$(inherited)",
					"@executable_path/Frameworks",
				);
				PRODUCT_BUNDLE_IDENTIFIER = com.antoniotoriz.mewsk;
				PRODUCT_NAME = "$(TARGET_NAME)";
				SWIFT_VERSION = 5.0;
				TARGETED_DEVICE_FAMILY = "1,2";
			};
			name = Debug;
		};
		1B356A6526C73C86009A2D33 /* Release */ = {
			isa = XCBuildConfiguration;
			buildSettings = {
				ASSETCATALOG_COMPILER_APPICON_NAME = AppIcon;
				ASSETCATALOG_COMPILER_GLOBAL_ACCENT_COLOR_NAME = AccentColor;
				CODE_SIGN_STYLE = Automatic;
				DEVELOPMENT_TEAM = 59S3366Z8K;
				INFOPLIST_FILE = mewsk/Info.plist;
				LD_RUNPATH_SEARCH_PATHS = (
					"$(inherited)",
					"@executable_path/Frameworks",
				);
				PRODUCT_BUNDLE_IDENTIFIER = com.antoniotoriz.mewsk;
				PRODUCT_NAME = "$(TARGET_NAME)";
				SWIFT_VERSION = 5.0;
				TARGETED_DEVICE_FAMILY = "1,2";
			};
			name = Release;
		};
/* End XCBuildConfiguration section */

/* Begin XCConfigurationList section */
		1B356A4A26C73C83009A2D33 /* Build configuration list for PBXProject "mewsk" */ = {
			isa = XCConfigurationList;
			buildConfigurations = (
				1B356A6126C73C86009A2D33 /* Debug */,
				1B356A6226C73C86009A2D33 /* Release */,
			);
			defaultConfigurationIsVisible = 0;
			defaultConfigurationName = Release;
		};
		1B356A6326C73C86009A2D33 /* Build configuration list for PBXNativeTarget "mewsk" */ = {
			isa = XCConfigurationList;
			buildConfigurations = (
				1B356A6426C73C86009A2D33 /* Debug */,
				1B356A6526C73C86009A2D33 /* Release */,
			);
			defaultConfigurationIsVisible = 0;
			defaultConfigurationName = Release;
		};
/* End XCConfigurationList section */
	};
	rootObject = 1B356A4726C73C83009A2D33 /* Project object */;
}
